
Microsoft Visual Studio Solution File, Format Version 12.00
# Visual Studio Version 17
VisualStudioVersion = 17.10.34707.107
MinimumVisualStudioVersion = 10.0.40219.1
Project("{9A19103F-16F7-4668-BE54-9A1E7A4F7556}") = "devexBlazor", "devexBlazor.csproj", "{F1C45F87-480F-4EEE-B5C7-2132F0BCF5BA}"
EndProject
Global
	GlobalSection(SolutionConfigurationPlatforms) = preSolution
		Debug|Any CPU = Debug|Any CPU
		Release|Any CPU = Release|Any CPU
	EndGlobalSection
	GlobalSection(ProjectConfigurationPlatforms) = postSolution
		{F1C45F87-480F-4EEE-B5C7-2132F0BCF5BA}.Debug|Any CPU.ActiveCfg = Debug|Any CPU
		{F1C45F87-480F-4EEE-B5C7-2132F0BCF5BA}.Debug|Any CPU.Build.0 = Debug|Any CPU
		{F1C45F87-480F-4EEE-B5C7-2132F0BCF5BA}.Release|Any CPU.ActiveCfg = Release|Any CPU
		{F1C45F87-480F-4EEE-B5C7-2132F0BCF5BA}.Release|Any CPU.Build.0 = Release|Any CPU
	EndGlobalSection
	GlobalSection(SolutionProperties) = preSolution
		HideSolutionNode = FALSE
	EndGlobalSection
	GlobalSection(ExtensibilityGlobals) = postSolution
		SolutionGuid = {0013C027-D2AD-43C5-BF65-0786A6DEDB46}
	EndGlobalSection
EndGlobal
